
Microsoft Visual Studio Solution File, Format Version 12.00
# Visual Studio Version 17
VisualStudioVersion = 17.5.002.0
MinimumVisualStudioVersion = 10.0.40219.1
Project("{9A19103F-16F7-4668-BE54-9A1E7A4F7556}") = "TechStore", "TechStore.csproj", "{4E161366-9442-4BD0-901A-EFA6258EA59B}"
EndProject
Global
	GlobalSection(SolutionConfigurationPlatforms) = preSolution
		Debug|Any CPU = Debug|Any CPU
		Release|Any CPU = Release|Any CPU
	EndGlobalSection
	GlobalSection(ProjectConfigurationPlatforms) = postSolution
		{4E161366-9442-4BD0-901A-EFA6258EA59B}.Debug|Any CPU.ActiveCfg = Debug|Any CPU
		{4E161366-9442-4BD0-901A-EFA6258EA59B}.Debug|Any CPU.Build.0 = Debug|Any CPU
		{4E161366-9442-4BD0-901A-EFA6258EA59B}.Release|Any CPU.ActiveCfg = Release|Any CPU
		{4E161366-9442-4BD0-901A-EFA6258EA59B}.Release|Any CPU.Build.0 = Release|Any CPU
	EndGlobalSection
	GlobalSection(SolutionProperties) = preSolution
		HideSolutionNode = FALSE
	EndGlobalSection
	GlobalSection(ExtensibilityGlobals) = postSolution
		SolutionGuid = {EB5AA47F-9A3C-41A6-913A-77CFD963C52F}
	EndGlobalSection
EndGlobal
